<?xml version="1.0" encoding="utf-8"?>
<Project ToolsVersion="4.0" xmlns="http://schemas.microsoft.com/developer/msbuild/2003">
  <ItemGroup>
    <Filter Include="Levels\SnakeLevel">
      <UniqueIdentifier>{93d6473e-ad64-44e5-a9f8-a5a8f3c4e5fb}</UniqueIdentifier>
    </Filter>
    <Filter Include="Levels">
      <UniqueIdentifier>{50868d88-52d3-4aba-bf7d-96be09f8ee1a}</UniqueIdentifier>
    </Filter>
    <Filter Include="GameBase">
      <UniqueIdentifier>{31f6aa79-9cf6-48f2-86a1-99bd28a98cda}</UniqueIdentifier>
    </Filter>
    <Filter Include="Common">
      <UniqueIdentifier>{b95a8315-7c16-479c-a46e-996f74b5e0bc}</UniqueIdentifier>
    </Filter>
  </ItemGroup>
  <ItemGroup>
    <ClCompile Include="Levels\SnakeLevel\Snake.cpp">
      <Filter>Levels\SnakeLevel</Filter>
    </ClCompile>
    <ClCompile Include="Levels\SnakeLevel\SnakeController.cpp">
      <Filter>Levels\SnakeLevel</Filter>
    </ClCompile>
    <ClCompile Include="Levels\SnakeLevel\SnakeLevel.cpp">
      <Filter>Levels\SnakeLevel</Filter>
    </ClCompile>
    <ClCompile Include="GameBase\Game.cpp">
      <Filter>GameBase</Filter>
    </ClCompile>
    <ClCompile Include="GameBase\GameLauncher.cpp">
      <Filter>GameBase</Filter>
    </ClCompile>
    <ClCompile Include="GameBase\GameState.cpp">
      <Filter>GameBase</Filter>
    </ClCompile>
    <ClCompile Include="Common\Board.cpp">
      <Filter>Common</Filter>
    </ClCompile>
    <ClCompile Include="Common\InputQueue.cpp">
      <Filter>Common</Filter>
    </ClCompile>
    <ClCompile Include="Common\ItemList.cpp">
      <Filter>Common</Filter>
    </ClCompile>
    <ClCompile Include="Levels\DifficultyMenuLevel.cpp">
      <Filter>Levels</Filter>
    </ClCompile>
    <ClCompile Include="Levels\GameOverMenuLevel.cpp">
      <Filter>Levels</Filter>
    </ClCompile>
    <ClCompile Include="Levels\LevelLoader.cpp">
      <Filter>Levels</Filter>
    </ClCompile>
    <ClCompile Include="Levels\MainMenuLevel.cpp">
      <Filter>Levels</Filter>
    </ClCompile>
    <ClCompile Include="main.cpp" />
  </ItemGroup>
  <ItemGroup>
    <ClInclude Include="Levels\SnakeLevel\Snake.h">
      <Filter>Levels\SnakeLevel</Filter>
    </ClInclude>
    <ClInclude Include="Levels\SnakeLevel\SnakeController.h">
      <Filter>Levels\SnakeLevel</Filter>
    </ClInclude>
    <ClInclude Include="Levels\SnakeLevel\SnakeLevel.h">
      <Filter>Levels\SnakeLevel</Filter>
    </ClInclude>
    <ClInclude Include="GameBase\Game.h">
      <Filter>GameBase</Filter>
    </ClInclude>
    <ClInclude Include="GameBase\GameEvent.h">
      <Filter>GameBase</Filter>
    </ClInclude>
    <ClInclude Include="GameBase\GameLauncher.h">
      <Filter>GameBase</Filter>
    </ClInclude>
    <ClInclude Include="GameBase\GameState.h">
      <Filter>GameBase</Filter>
    </ClInclude>
    <ClInclude Include="Common\Board.h">
      <Filter>Common</Filter>
    </ClInclude>
    <ClInclude Include="Common\Exceptions.h">
      <Filter>Common</Filter>
    </ClInclude>
    <ClInclude Include="Common\Input.h">
      <Filter>Common</Filter>
    </ClInclude>
    <ClInclude Include="Common\InputQueue.h">
      <Filter>Common</Filter>
    </ClInclude>
    <ClInclude Include="Common\ItemList.h">
      <Filter>Common</Filter>
    </ClInclude>
    <ClInclude Include="Common\Point.h">
      <Filter>Common</Filter>
    </ClInclude>
    <ClInclude Include="Levels\DifficultyMenuLevel.h">
      <Filter>Levels</Filter>
    </ClInclude>
    <ClInclude Include="Levels\GameOverMenuLevel.h">
      <Filter>Levels</Filter>
    </ClInclude>
    <ClInclude Include="Levels\ILevel.h">
      <Filter>Levels</Filter>
    </ClInclude>
    <ClInclude Include="Levels\ILevelLoader.h">
      <Filter>Levels</Filter>
    </ClInclude>
    <ClInclude Include="Levels\LevelLoader.h">
      <Filter>Levels</Filter>
    </ClInclude>
    <ClInclude Include="Levels\MainMenuLevel.h">
      <Filter>Levels</Filter>
    </ClInclude>
    <ClInclude Include="stdafx.h" />
  </ItemGroup>
</Project>